<?xml version="1.0" encoding="utf-8"?>
<Project ToolsVersion="4.0" xmlns="http://schemas.microsoft.com/developer/msbuild/2003">
  <ItemGroup>
    <Filter Include="include">
      <UniqueIdentifier>{e3c35402-7f86-4aa9-a009-712148883f17}</UniqueIdentifier>
    </Filter>
    <Filter Include="lib">
      <UniqueIdentifier>{f59a50a3-0eef-4edf-abf9-5903a0e0b452}</UniqueIdentifier>
    </Filter>
    <Filter Include="lib\console">
      <UniqueIdentifier>{7538ae3c-f916-4459-971c-0ab6c4d7b7d3}</UniqueIdentifier>
    </Filter>
    <Filter Include="lib\string">
      <UniqueIdentifier>{32fdfe08-3c3e-42d8-8b89-3fcfff1382ea}</UniqueIdentifier>
    </Filter>
    <Filter Include="lib\formatting">
      <UniqueIdentifier>{29971e5f-2985-4788-9076-3273c9cdd013}</UniqueIdentifier>
    </Filter>
    <Filter Include="lib\algorithm">
      <UniqueIdentifier>{1014ee8d-d8bd-4c6f-91c5-a118f168c91c}</UniqueIdentifier>
    </Filter>
  </ItemGroup>
  <ItemGroup>
    <None Include="$(MSBuildThisFileDirectory)include\kernel32.inc">
      <Filter>include</Filter>
    </None>
    <None Include="$(MSBuildThisFileDirectory)include\windows.inc">
      <Filter>include</Filter>
    </None>
    <None Include="$(MSBuildThisFileDirectory)include\user32.inc">
      <Filter>include</Filter>
    </None>
    <None Include="$(MSBuildThisFileDirectory)include\console.inc">
      <Filter>include</Filter>
    </None>
    <None Include="$(MSBuildThisFileDirectory)lib\console\PrintCharA.asm">
      <Filter>lib\console</Filter>
    </None>
    <None Include="$(MSBuildThisFileDirectory)lib\string\GetStringLengthA.asm">
      <Filter>lib\string</Filter>
    </None>
    <None Include="$(MSBuildThisFileDirectory)lib\console\PrintStringA.asm">
      <Filter>lib\console</Filter>
    </None>
    <None Include="$(MSBuildThisFileDirectory)include\string.inc">
      <Filter>include</Filter>
    </None>
    <None Include="$(MSBuildThisFileDirectory)lib\console\ReadCharA.asm">
      <Filter>lib\console</Filter>
    </None>
    <None Include="$(MSBuildThisFileDirectory)lib\console\ReadLineA.asm">
      <Filter>lib\console</Filter>
    </None>
    <None Include="$(MSBuildThisFileDirectory)lib\console\ReadStringA.asm">
      <Filter>lib\console</Filter>
    </None>
    <None Include="$(MSBuildThisFileDirectory)lib\console\PrintUInt.asm">
      <Filter>lib\console</Filter>
    </None>
    <None Include="$(MSBuildThisFileDirectory)lib\string\ReverseStringA.asm">
      <Filter>lib\string</Filter>
    </None>
    <None Include="$(MSBuildThisFileDirectory)lib\console\PrintInt.asm">
      <Filter>lib\console</Filter>
    </None>
    <None Include="$(MSBuildThisFileDirectory)include\limits.inc">
      <Filter>include</Filter>
    </None>
    <None Include="$(MSBuildThisFileDirectory)lib\console\PrintNewLine.asm">
      <Filter>lib\console</Filter>
    </None>
    <None Include="$(MSBuildThisFileDirectory)include\formatting.inc">
      <Filter>include</Filter>
    </None>
    <None Include="$(MSBuildThisFileDirectory)lib\formatting\UIntToString.asm">
      <Filter>lib\formatting</Filter>
    </None>
    <None Include="$(MSBuildThisFileDirectory)lib\formatting\IntToString.asm">
      <Filter>lib\formatting</Filter>
    </None>
    <None Include="$(MSBuildThisFileDirectory)lib\console\console.asm">
      <Filter>lib\console</Filter>
    </None>
    <None Include="$(MSBuildThisFileDirectory)lib\string\string.asm">
      <Filter>lib\string</Filter>
    </None>
    <None Include="$(MSBuildThisFileDirectory)lib\formatting\formatting.asm">
      <Filter>lib\formatting</Filter>
    </None>
    <None Include="$(MSBuildThisFileDirectory)lib\win32sdk.asm">
      <Filter>lib</Filter>
    </None>
    <None Include="$(MSBuildThisFileDirectory)include\algorithm.inc">
      <Filter>include</Filter>
    </None>
    <None Include="$(MSBuildThisFileDirectory)lib\algorithm\algorithm.asm">
      <Filter>lib\algorithm</Filter>
    </None>
    <None Include="$(MSBuildThisFileDirectory)lib\algorithm\MinOfTwo.asm">
      <Filter>lib\algorithm</Filter>
    </None>
    <None Include="$(MSBuildThisFileDirectory)include\win32sdk.inc">
      <Filter>include</Filter>
    </None>
    <None Include="$(MSBuildThisFileDirectory)lib\formatting\UIntToHex.asm">
      <Filter>lib\formatting</Filter>
    </None>
    <None Include="$(MSBuildThisFileDirectory)lib\console\PrintUIntHex.asm">
      <Filter>lib\console</Filter>
    </None>
    <None Include="$(MSBuildThisFileDirectory)lib\console\PrintMemAddress.asm">
      <Filter>lib\console</Filter>
    </None>
    <None Include="$(MSBuildThisFileDirectory)lib\formatting\UIntToFixedHex.asm">
      <Filter>lib\formatting</Filter>
    </None>
    <None Include="$(MSBuildThisFileDirectory)lib\formatting\StringToUInt.asm">
      <Filter>lib\formatting</Filter>
    </None>
    <None Include="$(MSBuildThisFileDirectory)lib\algorithm\Swap.asm">
      <Filter>lib\algorithm</Filter>
    </None>
    <None Include="$(MSBuildThisFileDirectory)lib\console\ReadUInt.asm">
      <Filter>lib\console</Filter>
    </None>
  </ItemGroup>
  <ItemGroup>
    <Library Include="$(MSBuildThisFileDirectory)lib\win32sdk.lib">
      <Filter>lib</Filter>
    </Library>
  </ItemGroup>
</Project>